{
  "requires": true,
  "lockfileVersion": 1,
  "dependencies": {
    "@dcloudio/uni-ui": {
      "version": "1.4.12",
      "resolved": "https://registry.npmmirror.com/@dcloudio/uni-ui/-/uni-ui-1.4.12.tgz",
      "integrity": "sha512-sGVHU8Fz/L6NtrsClw8d38SPI16oCgBBQ7fYBVTV1hgS8brFVL56ti9tbY/Qx5qw6+ZPzAzb9lfiG6Tqi4kIJw=="
    }
  }
}
